{
  "name": "photos-to-folders",
  "lockfileVersion": 3,
  "requires": true,
  "packages": {
    "": {
      "dependencies": {
        "@tanstack/react-hotkeys": "^0.10.0"
      }
    },
    "node_modules/@tanstack/hotkeys": {
      "version": "0.8.0",
      "resolved": "https://registry.npmjs.org/@tanstack/hotkeys/-/hotkeys-0.8.0.tgz",
      "integrity": "sha512-vqH7X9nb0MTJ/O08++dB5bP9jgj4+BIPOUu/U+6myG86lDsirZSVSobpq5UQpE7nBuk62i8eIYeOhd+OMl/UrA==",
      "license": "MIT",
      "dependencies": {
        "@tanstack/store": "^0.11.0"
      },
      "engines": {
        "node": ">=18"
      },
      "funding": {
        "type": "github",
        "url": "https://github.com/sponsors/tannerlinsley"
      }
    },
    "node_modules/@tanstack/react-hotkeys": {
      "version": "0.10.0",
      "resolved": "https://registry.npmjs.org/@tanstack/react-hotkeys/-/react-hotkeys-0.10.0.tgz",
      "integrity": "sha512-GwOSndI5j3qBVYTmgP1mYyRTnlxb2MS17cwGlsavSxMQPSnmDf+m3LzMIpRMs+3zzQMjg3cYhHsFYizYlFI2tw==",
      "license": "MIT",
      "dependencies": {
        "@tanstack/hotkeys": "0.8.0",
        "@tanstack/react-store": "^0.11.0"
      },
      "engines": {
        "node": ">=18"
      },
      "funding": {
        "type": "github",
        "url": "https://github.com/sponsors/tannerlinsley"
      },
      "peerDependencies": {
        "react": ">=16.8",
        "react-dom": ">=16.8"
      }
    },
    "node_modules/@tanstack/react-store": {
      "version": "0.11.0",
      "resolved": "https://registry.npmjs.org/@tanstack/react-store/-/react-store-0.11.0.tgz",
      "integrity": "sha512-tX4YXh3PDkmpvGQWkWqKpzs/MSqbtuwY9dWdWhtV9Q50PmO+jOkUKIWIX4G85dwt7lxdHLXsiaEKPdKmC8F41w==",
      "license": "MIT",
      "dependencies": {
        "@tanstack/store": "0.11.0",
        "use-sync-external-store": "^1.6.0"
      },
      "funding": {
        "type": "github",
        "url": "https://github.com/sponsors/tannerlinsley"
      },
      "peerDependencies": {
        "react": "^16.8.0 || ^17.0.0 || ^18.0.0 || ^19.0.0",
        "react-dom": "^16.8.0 || ^17.0.0 || ^18.0.0 || ^19.0.0"
      }
    },
    "node_modules/@tanstack/store": {
      "version": "0.11.0",
      "resolved": "https://registry.npmjs.org/@tanstack/store/-/store-0.11.0.tgz",
      "integrity": "sha512-WlzzCt3xi0G6pCAJu1U+2jiECwabETDpQDi3hfkFZvJii9AuZqEKbOiVarX1/bWhTNjU486yQtJCCasi/0q+Cw==",
      "license": "MIT",
      "funding": {
        "type": "github",
        "url": "https://github.com/sponsors/tannerlinsley"
      }
    },
    "node_modules/react": {
      "version": "19.2.6",
      "resolved": "https://registry.npmjs.org/react/-/react-19.2.6.tgz",
      "integrity": "sha512-sfWGGfavi0xr8Pg0sVsyHMAOziVYKgPLNrS7ig+ivMNb3wbCBw3KxtflsGBAwD3gYQlE/AEZsTLgToRrSCjb0Q==",
      "license": "MIT",
      "peer": true,
      "engines": {
        "node": ">=0.10.0"
      }
    },
    "node_modules/react-dom": {
      "version": "19.2.6",
      "resolved": "https://registry.npmjs.org/react-dom/-/react-dom-19.2.6.tgz",
      "integrity": "sha512-0prMI+hvBbPjsWnxDLxlCGyM8PN6UuWjEUCYmZhO67xIV9Xasa/r/vDnq+Xyq4Lo27g8QSbO5YzARu0D1Sps3g==",
      "license": "MIT",
      "peer": true,
      "dependencies": {
        "scheduler": "^0.27.0"
      },
      "peerDependencies": {
        "react": "^19.2.6"
      }
    },
    "node_modules/scheduler": {
      "version": "0.27.0",
      "resolved": "https://registry.npmjs.org/scheduler/-/scheduler-0.27.0.tgz",
      "integrity": "sha512-eNv+WrVbKu1f3vbYJT/xtiF5syA5HPIMtf9IgY/nKg0sWqzAUEvqY/xm7OcZc/qafLx/iO9FgOmeSAp4v5ti/Q==",
      "license": "MIT",
      "peer": true
    },
    "node_modules/use-sync-external-store": {
      "version": "1.6.0",
      "resolved": "https://registry.npmjs.org/use-sync-external-store/-/use-sync-external-store-1.6.0.tgz",
      "integrity": "sha512-Pp6GSwGP/NrPIrxVFAIkOQeyw8lFenOHijQWkUTrDvrF4ALqylP2C/KCkeS9dpUM3KvYRQhna5vt7IL95+ZQ9w==",
      "license": "MIT",
      "peerDependencies": {
        "react": "^16.8.0 || ^17.0.0 || ^18.0.0 || ^19.0.0"
      }
    }
  }
}
